<?xml version="1.0" encoding="UTF-8"?>
<Project ToolsVersion="14.0" xmlns="http://schemas.microsoft.com/developer/msbuild/2003">
  <ItemGroup>
    <ClCompile Include="E:\Praktyki\x265_1.9\source\input\input.cpp">
      <Filter>input</Filter>
    </ClCompile>
    <ClCompile Include="E:\Praktyki\x265_1.9\source\input\yuv.cpp">
      <Filter>input</Filter>
    </ClCompile>
    <ClCompile Include="E:\Praktyki\x265_1.9\source\input\y4m.cpp">
      <Filter>input</Filter>
    </ClCompile>
    <ClCompile Include="E:\Praktyki\x265_1.9\source\output\output.cpp">
      <Filter>output</Filter>
    </ClCompile>
    <ClCompile Include="E:\Praktyki\x265_1.9\source\output\reconplay.cpp">
      <Filter>output</Filter>
    </ClCompile>
    <ClCompile Include="E:\Praktyki\x265_1.9\source\output\yuv.cpp">
      <Filter>output</Filter>
    </ClCompile>
    <ClCompile Include="E:\Praktyki\x265_1.9\source\output\y4m.cpp">
      <Filter>output</Filter>
    </ClCompile>
    <ClCompile Include="E:\Praktyki\x265_1.9\source\output\raw.cpp">
      <Filter>output</Filter>
    </ClCompile>
    <ClCompile Include="E:\Praktyki\x265_1.9\source\compat\getopt\getopt.c">
      <Filter>Source Files</Filter>
    </ClCompile>
    <ClCompile Include="E:\Praktyki\x265_1.9\source\x265.cpp">
      <Filter>Source Files</Filter>
    </ClCompile>
    <ClCompile Include="E:\Praktyki\x265_1.9\source\x265-extras.cpp">
      <Filter>Source Files</Filter>
    </ClCompile>
  </ItemGroup>
  <ItemGroup>
    <ClInclude Include="E:\Praktyki\x265_1.9\source\input\input.h">
      <Filter>input</Filter>
    </ClInclude>
    <ClInclude Include="E:\Praktyki\x265_1.9\source\input\y4m.h">
      <Filter>input</Filter>
    </ClInclude>
    <ClInclude Include="E:\Praktyki\x265_1.9\source\input\yuv.h">
      <Filter>input</Filter>
    </ClInclude>
    <ClInclude Include="E:\Praktyki\x265_1.9\source\output\output.h">
      <Filter>output</Filter>
    </ClInclude>
    <ClInclude Include="E:\Praktyki\x265_1.9\source\output\raw.h">
      <Filter>output</Filter>
    </ClInclude>
    <ClInclude Include="E:\Praktyki\x265_1.9\source\output\reconplay.h">
      <Filter>output</Filter>
    </ClInclude>
    <ClInclude Include="E:\Praktyki\x265_1.9\source\output\y4m.h">
      <Filter>output</Filter>
    </ClInclude>
    <ClInclude Include="E:\Praktyki\x265_1.9\source\output\yuv.h">
      <Filter>output</Filter>
    </ClInclude>
    <ClInclude Include="E:\Praktyki\x265_1.9\source\compat\getopt\getopt.h">
      <Filter>Header Files</Filter>
    </ClInclude>
    <ClInclude Include="E:\Praktyki\x265_1.9\source\x265.h">
      <Filter>Header Files</Filter>
    </ClInclude>
    <ClInclude Include="E:\Praktyki\x265_1.9\source\x265cli.h">
      <Filter>Header Files</Filter>
    </ClInclude>
    <ClInclude Include="E:\Praktyki\x265_1.9\source\x265-extras.h">
      <Filter>Header Files</Filter>
    </ClInclude>
  </ItemGroup>
  <ItemGroup>
    <CustomBuild Include="E:\Praktyki\x265_1.9\source\CMakeLists.txt" />
  </ItemGroup>
  <ItemGroup>
    <None Include="E:\Praktyki\x265_1.9\COPYING" />
    <None Include="E:\Praktyki\x265\x265.def">
      <Filter>Source Files</Filter>
    </None>
  </ItemGroup>
  <ItemGroup>
    <ResourceCompile Include="E:\Praktyki\x265\x265.rc">
      <Filter>Source Files</Filter>
    </ResourceCompile>
  </ItemGroup>
  <ItemGroup>
    <Filter Include="Source Files">
      <UniqueIdentifier>{CDB5DA9D-3461-3720-8857-91699D49D23B}</UniqueIdentifier>
    </Filter>
    <Filter Include="Header Files">
      <UniqueIdentifier>{C9E76AB6-6116-353E-BEC6-55B042F1FE12}</UniqueIdentifier>
    </Filter>
    <Filter Include="input">
      <UniqueIdentifier>{5BE13F0C-2B59-3A66-961C-7548B9566920}</UniqueIdentifier>
    </Filter>
    <Filter Include="output">
      <UniqueIdentifier>{CCC105F2-551E-3712-B7FE-061AF2E10CB4}</UniqueIdentifier>
    </Filter>
  </ItemGroup>
</Project>
