Microsoft Visual Studio Solution File, Format Version 12.00
# Visual Studio 14
Project("{8BC9CEB8-8B4A-11D0-8D11-00A0C91BC942}") = "ALL_BUILD", "ALL_BUILD.vcxproj", "{7C41F00D-E3DA-3050-8093-8053346B84B9}"
	ProjectSection(ProjectDependencies) = postProject
		{A0A6A70F-C986-38EA-9586-837EC652E7D0} = {A0A6A70F-C986-38EA-9586-837EC652E7D0}
		{C6255AF7-5ECC-33D3-BCE7-D210244B05BC} = {C6255AF7-5ECC-33D3-BCE7-D210244B05BC}
		{9304F451-DFF7-3D5B-AD42-E69E760087B2} = {9304F451-DFF7-3D5B-AD42-E69E760087B2}
		{CA5B9D2F-D94C-3F8E-B7F2-73FA6461BF3C} = {CA5B9D2F-D94C-3F8E-B7F2-73FA6461BF3C}
		{32968DDB-FBD4-30BD-8012-B2DD72F51E7B} = {32968DDB-FBD4-30BD-8012-B2DD72F51E7B}
		{BA823215-ECA3-3B81-83FE-CFC20A74FDCF} = {BA823215-ECA3-3B81-83FE-CFC20A74FDCF}
	EndProjectSection
EndProject
Project("{8BC9CEB8-8B4A-11D0-8D11-00A0C91BC942}") = "INSTALL", "INSTALL.vcxproj", "{3F6DF94A-C2AA-3F12-B4A9-58F8CC9A2189}"
	ProjectSection(ProjectDependencies) = postProject
		{7C41F00D-E3DA-3050-8093-8053346B84B9} = {7C41F00D-E3DA-3050-8093-8053346B84B9}
		{A0A6A70F-C986-38EA-9586-837EC652E7D0} = {A0A6A70F-C986-38EA-9586-837EC652E7D0}
	EndProjectSection
EndProject
Project("{8BC9CEB8-8B4A-11D0-8D11-00A0C91BC942}") = "ZERO_CHECK", "ZERO_CHECK.vcxproj", "{A0A6A70F-C986-38EA-9586-837EC652E7D0}"
	ProjectSection(ProjectDependencies) = postProject
	EndProjectSection
EndProject
Project("{8BC9CEB8-8B4A-11D0-8D11-00A0C91BC942}") = "cli", "cli.vcxproj", "{C6255AF7-5ECC-33D3-BCE7-D210244B05BC}"
	ProjectSection(ProjectDependencies) = postProject
		{A0A6A70F-C986-38EA-9586-837EC652E7D0} = {A0A6A70F-C986-38EA-9586-837EC652E7D0}
		{BA823215-ECA3-3B81-83FE-CFC20A74FDCF} = {BA823215-ECA3-3B81-83FE-CFC20A74FDCF}
	EndProjectSection
EndProject
Project("{8BC9CEB8-8B4A-11D0-8D11-00A0C91BC942}") = "common", "common\common.vcxproj", "{9304F451-DFF7-3D5B-AD42-E69E760087B2}"
	ProjectSection(ProjectDependencies) = postProject
		{A0A6A70F-C986-38EA-9586-837EC652E7D0} = {A0A6A70F-C986-38EA-9586-837EC652E7D0}
	EndProjectSection
EndProject
Project("{8BC9CEB8-8B4A-11D0-8D11-00A0C91BC942}") = "encoder", "encoder\encoder.vcxproj", "{CA5B9D2F-D94C-3F8E-B7F2-73FA6461BF3C}"
	ProjectSection(ProjectDependencies) = postProject
		{A0A6A70F-C986-38EA-9586-837EC652E7D0} = {A0A6A70F-C986-38EA-9586-837EC652E7D0}
	EndProjectSection
EndProject
Project("{8BC9CEB8-8B4A-11D0-8D11-00A0C91BC942}") = "x265-shared", "x265-shared.vcxproj", "{32968DDB-FBD4-30BD-8012-B2DD72F51E7B}"
	ProjectSection(ProjectDependencies) = postProject
		{A0A6A70F-C986-38EA-9586-837EC652E7D0} = {A0A6A70F-C986-38EA-9586-837EC652E7D0}
		{9304F451-DFF7-3D5B-AD42-E69E760087B2} = {9304F451-DFF7-3D5B-AD42-E69E760087B2}
		{CA5B9D2F-D94C-3F8E-B7F2-73FA6461BF3C} = {CA5B9D2F-D94C-3F8E-B7F2-73FA6461BF3C}
	EndProjectSection
EndProject
Project("{8BC9CEB8-8B4A-11D0-8D11-00A0C91BC942}") = "x265-static", "x265-static.vcxproj", "{BA823215-ECA3-3B81-83FE-CFC20A74FDCF}"
	ProjectSection(ProjectDependencies) = postProject
		{A0A6A70F-C986-38EA-9586-837EC652E7D0} = {A0A6A70F-C986-38EA-9586-837EC652E7D0}
		{9304F451-DFF7-3D5B-AD42-E69E760087B2} = {9304F451-DFF7-3D5B-AD42-E69E760087B2}
		{CA5B9D2F-D94C-3F8E-B7F2-73FA6461BF3C} = {CA5B9D2F-D94C-3F8E-B7F2-73FA6461BF3C}
	EndProjectSection
EndProject
Global
	GlobalSection(SolutionConfigurationPlatforms) = preSolution
		Debug|Win32 = Debug|Win32
		Release|Win32 = Release|Win32
		MinSizeRel|Win32 = MinSizeRel|Win32
		RelWithDebInfo|Win32 = RelWithDebInfo|Win32
	EndGlobalSection
	GlobalSection(ProjectConfigurationPlatforms) = postSolution
		{7C41F00D-E3DA-3050-8093-8053346B84B9}.Debug|Win32.ActiveCfg = Debug|Win32
		{7C41F00D-E3DA-3050-8093-8053346B84B9}.Debug|Win32.Build.0 = Debug|Win32
		{7C41F00D-E3DA-3050-8093-8053346B84B9}.Release|Win32.ActiveCfg = Release|Win32
		{7C41F00D-E3DA-3050-8093-8053346B84B9}.Release|Win32.Build.0 = Release|Win32
		{7C41F00D-E3DA-3050-8093-8053346B84B9}.MinSizeRel|Win32.ActiveCfg = MinSizeRel|Win32
		{7C41F00D-E3DA-3050-8093-8053346B84B9}.MinSizeRel|Win32.Build.0 = MinSizeRel|Win32
		{7C41F00D-E3DA-3050-8093-8053346B84B9}.RelWithDebInfo|Win32.ActiveCfg = RelWithDebInfo|Win32
		{7C41F00D-E3DA-3050-8093-8053346B84B9}.RelWithDebInfo|Win32.Build.0 = RelWithDebInfo|Win32
		{3F6DF94A-C2AA-3F12-B4A9-58F8CC9A2189}.Debug|Win32.ActiveCfg = Debug|Win32
		{3F6DF94A-C2AA-3F12-B4A9-58F8CC9A2189}.Release|Win32.ActiveCfg = Release|Win32
		{3F6DF94A-C2AA-3F12-B4A9-58F8CC9A2189}.MinSizeRel|Win32.ActiveCfg = MinSizeRel|Win32
		{3F6DF94A-C2AA-3F12-B4A9-58F8CC9A2189}.RelWithDebInfo|Win32.ActiveCfg = RelWithDebInfo|Win32
		{A0A6A70F-C986-38EA-9586-837EC652E7D0}.Debug|Win32.ActiveCfg = Debug|Win32
		{A0A6A70F-C986-38EA-9586-837EC652E7D0}.Debug|Win32.Build.0 = Debug|Win32
		{A0A6A70F-C986-38EA-9586-837EC652E7D0}.Release|Win32.ActiveCfg = Release|Win32
		{A0A6A70F-C986-38EA-9586-837EC652E7D0}.Release|Win32.Build.0 = Release|Win32
		{A0A6A70F-C986-38EA-9586-837EC652E7D0}.MinSizeRel|Win32.ActiveCfg = MinSizeRel|Win32
		{A0A6A70F-C986-38EA-9586-837EC652E7D0}.MinSizeRel|Win32.Build.0 = MinSizeRel|Win32
		{A0A6A70F-C986-38EA-9586-837EC652E7D0}.RelWithDebInfo|Win32.ActiveCfg = RelWithDebInfo|Win32
		{A0A6A70F-C986-38EA-9586-837EC652E7D0}.RelWithDebInfo|Win32.Build.0 = RelWithDebInfo|Win32
		{C6255AF7-5ECC-33D3-BCE7-D210244B05BC}.Debug|Win32.ActiveCfg = Debug|Win32
		{C6255AF7-5ECC-33D3-BCE7-D210244B05BC}.Debug|Win32.Build.0 = Debug|Win32
		{C6255AF7-5ECC-33D3-BCE7-D210244B05BC}.Release|Win32.ActiveCfg = Release|Win32
		{C6255AF7-5ECC-33D3-BCE7-D210244B05BC}.Release|Win32.Build.0 = Release|Win32
		{C6255AF7-5ECC-33D3-BCE7-D210244B05BC}.MinSizeRel|Win32.ActiveCfg = MinSizeRel|Win32
		{C6255AF7-5ECC-33D3-BCE7-D210244B05BC}.MinSizeRel|Win32.Build.0 = MinSizeRel|Win32
		{C6255AF7-5ECC-33D3-BCE7-D210244B05BC}.RelWithDebInfo|Win32.ActiveCfg = RelWithDebInfo|Win32
		{C6255AF7-5ECC-33D3-BCE7-D210244B05BC}.RelWithDebInfo|Win32.Build.0 = RelWithDebInfo|Win32
		{9304F451-DFF7-3D5B-AD42-E69E760087B2}.Debug|Win32.ActiveCfg = Debug|Win32
		{9304F451-DFF7-3D5B-AD42-E69E760087B2}.Debug|Win32.Build.0 = Debug|Win32
		{9304F451-DFF7-3D5B-AD42-E69E760087B2}.Release|Win32.ActiveCfg = Release|Win32
		{9304F451-DFF7-3D5B-AD42-E69E760087B2}.Release|Win32.Build.0 = Release|Win32
		{9304F451-DFF7-3D5B-AD42-E69E760087B2}.MinSizeRel|Win32.ActiveCfg = MinSizeRel|Win32
		{9304F451-DFF7-3D5B-AD42-E69E760087B2}.MinSizeRel|Win32.Build.0 = MinSizeRel|Win32
		{9304F451-DFF7-3D5B-AD42-E69E760087B2}.RelWithDebInfo|Win32.ActiveCfg = RelWithDebInfo|Win32
		{9304F451-DFF7-3D5B-AD42-E69E760087B2}.RelWithDebInfo|Win32.Build.0 = RelWithDebInfo|Win32
		{CA5B9D2F-D94C-3F8E-B7F2-73FA6461BF3C}.Debug|Win32.ActiveCfg = Debug|Win32
		{CA5B9D2F-D94C-3F8E-B7F2-73FA6461BF3C}.Debug|Win32.Build.0 = Debug|Win32
		{CA5B9D2F-D94C-3F8E-B7F2-73FA6461BF3C}.Release|Win32.ActiveCfg = Release|Win32
		{CA5B9D2F-D94C-3F8E-B7F2-73FA6461BF3C}.Release|Win32.Build.0 = Release|Win32
		{CA5B9D2F-D94C-3F8E-B7F2-73FA6461BF3C}.MinSizeRel|Win32.ActiveCfg = MinSizeRel|Win32
		{CA5B9D2F-D94C-3F8E-B7F2-73FA6461BF3C}.MinSizeRel|Win32.Build.0 = MinSizeRel|Win32
		{CA5B9D2F-D94C-3F8E-B7F2-73FA6461BF3C}.RelWithDebInfo|Win32.ActiveCfg = RelWithDebInfo|Win32
		{CA5B9D2F-D94C-3F8E-B7F2-73FA6461BF3C}.RelWithDebInfo|Win32.Build.0 = RelWithDebInfo|Win32
		{32968DDB-FBD4-30BD-8012-B2DD72F51E7B}.Debug|Win32.ActiveCfg = Debug|Win32
		{32968DDB-FBD4-30BD-8012-B2DD72F51E7B}.Debug|Win32.Build.0 = Debug|Win32
		{32968DDB-FBD4-30BD-8012-B2DD72F51E7B}.Release|Win32.ActiveCfg = Release|Win32
		{32968DDB-FBD4-30BD-8012-B2DD72F51E7B}.Release|Win32.Build.0 = Release|Win32
		{32968DDB-FBD4-30BD-8012-B2DD72F51E7B}.MinSizeRel|Win32.ActiveCfg = MinSizeRel|Win32
		{32968DDB-FBD4-30BD-8012-B2DD72F51E7B}.MinSizeRel|Win32.Build.0 = MinSizeRel|Win32
		{32968DDB-FBD4-30BD-8012-B2DD72F51E7B}.RelWithDebInfo|Win32.ActiveCfg = RelWithDebInfo|Win32
		{32968DDB-FBD4-30BD-8012-B2DD72F51E7B}.RelWithDebInfo|Win32.Build.0 = RelWithDebInfo|Win32
		{BA823215-ECA3-3B81-83FE-CFC20A74FDCF}.Debug|Win32.ActiveCfg = Debug|Win32
		{BA823215-ECA3-3B81-83FE-CFC20A74FDCF}.Debug|Win32.Build.0 = Debug|Win32
		{BA823215-ECA3-3B81-83FE-CFC20A74FDCF}.Release|Win32.ActiveCfg = Release|Win32
		{BA823215-ECA3-3B81-83FE-CFC20A74FDCF}.Release|Win32.Build.0 = Release|Win32
		{BA823215-ECA3-3B81-83FE-CFC20A74FDCF}.MinSizeRel|Win32.ActiveCfg = MinSizeRel|Win32
		{BA823215-ECA3-3B81-83FE-CFC20A74FDCF}.MinSizeRel|Win32.Build.0 = MinSizeRel|Win32
		{BA823215-ECA3-3B81-83FE-CFC20A74FDCF}.RelWithDebInfo|Win32.ActiveCfg = RelWithDebInfo|Win32
		{BA823215-ECA3-3B81-83FE-CFC20A74FDCF}.RelWithDebInfo|Win32.Build.0 = RelWithDebInfo|Win32
	EndGlobalSection
	GlobalSection(ExtensibilityGlobals) = postSolution
	EndGlobalSection
	GlobalSection(ExtensibilityAddIns) = postSolution
	EndGlobalSection
EndGlobal
